// !$*UTF8*$!
{
	archiveVersion = 1;
	classes = {
	};
	objectVersion = 56;
	objects = {

/* Begin PBXBuildFile section */
		41209133293E116A007BA542 /* HotSalesItemCollectionViewCell.swift in Sources */ = {isa = PBXBuildFile; fileRef = 41209132293E116A007BA542 /* HotSalesItemCollectionViewCell.swift */; };
		4120913729408A27007BA542 /* CartViewController.swift in Sources */ = {isa = PBXBuildFile; fileRef = 4120913629408A27007BA542 /* CartViewController.swift */; };
		4120913B29409767007BA542 /* TabBarWithCorners.swift in Sources */ = {isa = PBXBuildFile; fileRef = 4120913A29409767007BA542 /* TabBarWithCorners.swift */; };
		4120913D2940B62D007BA542 /* FilterView.swift in Sources */ = {isa = PBXBuildFile; fileRef = 4120913C2940B62C007BA542 /* FilterView.swift */; };
		4120913F2940B70A007BA542 /* FilterView.xib in Resources */ = {isa = PBXBuildFile; fileRef = 4120913E2940B70A007BA542 /* FilterView.xib */; };
		412091422941F1CF007BA542 /* TabBar.swift in Sources */ = {isa = PBXBuildFile; fileRef = 412091412941F1CE007BA542 /* TabBar.swift */; };
		412091442941F5B6007BA542 /* TabButton.swift in Sources */ = {isa = PBXBuildFile; fileRef = 412091432941F5B6007BA542 /* TabButton.swift */; };
		419E52D92947A411003B5E43 /* CartView.swift in Sources */ = {isa = PBXBuildFile; fileRef = 419E52D82947A411003B5E43 /* CartView.swift */; };
		419E52DB2947B7C1003B5E43 /* ItemsView.swift in Sources */ = {isa = PBXBuildFile; fileRef = 419E52DA2947B7C1003B5E43 /* ItemsView.swift */; };
		419E52DD2948A69A003B5E43 /* ColorButton.swift in Sources */ = {isa = PBXBuildFile; fileRef = 419E52DC2948A69A003B5E43 /* ColorButton.swift */; };
		419E52E02948B17B003B5E43 /* CapacityButton.swift in Sources */ = {isa = PBXBuildFile; fileRef = 419E52DF2948B17B003B5E43 /* CapacityButton.swift */; };
		41C4824F294337F600DF346C /* ProductDetailsViewModel.swift in Sources */ = {isa = PBXBuildFile; fileRef = 41C4824E294337F600DF346C /* ProductDetailsViewModel.swift */; };
		41C482552943457100DF346C /* ProductDescription.swift in Sources */ = {isa = PBXBuildFile; fileRef = 41C482542943457000DF346C /* ProductDescription.swift */; };
		41C482572943635700DF346C /* ItemCarousel.swift in Sources */ = {isa = PBXBuildFile; fileRef = 41C482562943635700DF346C /* ItemCarousel.swift */; };
		41C482592944EB9500DF346C /* DescriptionView.swift in Sources */ = {isa = PBXBuildFile; fileRef = 41C482582944EB9500DF346C /* DescriptionView.swift */; };
		41C4825B29452DE300DF346C /* OverviewTabView.swift in Sources */ = {isa = PBXBuildFile; fileRef = 41C4825A29452DE300DF346C /* OverviewTabView.swift */; };
		41F5FF2B293BA20200864DAC /* AppDelegate.swift in Sources */ = {isa = PBXBuildFile; fileRef = 41F5FF2A293BA20200864DAC /* AppDelegate.swift */; };
		41F5FF2D293BA20200864DAC /* SceneDelegate.swift in Sources */ = {isa = PBXBuildFile; fileRef = 41F5FF2C293BA20200864DAC /* SceneDelegate.swift */; };
		41F5FF2F293BA20200864DAC /* HomeStoreViewController.swift in Sources */ = {isa = PBXBuildFile; fileRef = 41F5FF2E293BA20200864DAC /* HomeStoreViewController.swift */; };
		41F5FF32293BA20200864DAC /* Main.storyboard in Resources */ = {isa = PBXBuildFile; fileRef = 41F5FF30293BA20200864DAC /* Main.storyboard */; };
		41F5FF34293BA20A00864DAC /* Assets.xcassets in Resources */ = {isa = PBXBuildFile; fileRef = 41F5FF33293BA20A00864DAC /* Assets.xcassets */; };
		41F5FF37293BA20A00864DAC /* LaunchScreen.storyboard in Resources */ = {isa = PBXBuildFile; fileRef = 41F5FF35293BA20A00864DAC /* LaunchScreen.storyboard */; };
		41F5FF3F293BA34000864DAC /* CartModel.swift in Sources */ = {isa = PBXBuildFile; fileRef = 41F5FF3E293BA34000864DAC /* CartModel.swift */; };
		41F5FF41293BA36A00864DAC /* ProductDetailsModel.swift in Sources */ = {isa = PBXBuildFile; fileRef = 41F5FF40293BA36A00864DAC /* ProductDetailsModel.swift */; };
		41F5FF43293BA38900864DAC /* HomeStoreModel.swift in Sources */ = {isa = PBXBuildFile; fileRef = 41F5FF42293BA38900864DAC /* HomeStoreModel.swift */; };
		41F5FF45293BA3AB00864DAC /* NetworkManager.swift in Sources */ = {isa = PBXBuildFile; fileRef = 41F5FF44293BA3AB00864DAC /* NetworkManager.swift */; };
		41F5FF47293BE45100864DAC /* BestSellerCollectionViewCell.swift in Sources */ = {isa = PBXBuildFile; fileRef = 41F5FF46293BE45100864DAC /* BestSellerCollectionViewCell.swift */; };
		41F5FF49293BE48900864DAC /* HotSalesHeaderView.xib in Resources */ = {isa = PBXBuildFile; fileRef = 41F5FF48293BE48900864DAC /* HotSalesHeaderView.xib */; };
		41F5FF4B293BE80C00864DAC /* StoreCollectionReusableView.swift in Sources */ = {isa = PBXBuildFile; fileRef = 41F5FF4A293BE80C00864DAC /* StoreCollectionReusableView.swift */; };
		41F5FF4D293C9E3400864DAC /* HomeStoreViewModel.swift in Sources */ = {isa = PBXBuildFile; fileRef = 41F5FF4C293C9E3400864DAC /* HomeStoreViewModel.swift */; };
		41F5FF4F293CE45800864DAC /* Observable.swift in Sources */ = {isa = PBXBuildFile; fileRef = 41F5FF4E293CE45800864DAC /* Observable.swift */; };
		41F5FF55293CEBFD00864DAC /* CategoriesCollectionViewCell.swift in Sources */ = {isa = PBXBuildFile; fileRef = 41F5FF54293CEBFC00864DAC /* CategoriesCollectionViewCell.swift */; };
/* End PBXBuildFile section */

/* Begin PBXFileReference section */
		41209132293E116A007BA542 /* HotSalesItemCollectionViewCell.swift */ = {isa = PBXFileReference; lastKnownFileType = sourcecode.swift; path = HotSalesItemCollectionViewCell.swift; sourceTree = "<group>"; };
		4120913629408A27007BA542 /* CartViewController.swift */ = {isa = PBXFileReference; lastKnownFileType = sourcecode.swift; path = CartViewController.swift; sourceTree = "<group>"; };
		4120913A29409767007BA542 /* TabBarWithCorners.swift */ = {isa = PBXFileReference; lastKnownFileType = sourcecode.swift; path = TabBarWithCorners.swift; sourceTree = "<group>"; };
		4120913C2940B62C007BA542 /* FilterView.swift */ = {isa = PBXFileReference; lastKnownFileType = sourcecode.swift; path = FilterView.swift; sourceTree = "<group>"; };
		4120913E2940B70A007BA542 /* FilterView.xib */ = {isa = PBXFileReference; lastKnownFileType = file.xib; path = FilterView.xib; sourceTree = "<group>"; };
		412091412941F1CE007BA542 /* TabBar.swift */ = {isa = PBXFileReference; lastKnownFileType = sourcecode.swift; path = TabBar.swift; sourceTree = "<group>"; };
		412091432941F5B6007BA542 /* TabButton.swift */ = {isa = PBXFileReference; lastKnownFileType = sourcecode.swift; path = TabButton.swift; sourceTree = "<group>"; };
		419E52D82947A411003B5E43 /* CartView.swift */ = {isa = PBXFileReference; lastKnownFileType = sourcecode.swift; path = CartView.swift; sourceTree = "<group>"; };
		419E52DA2947B7C1003B5E43 /* ItemsView.swift */ = {isa = PBXFileReference; lastKnownFileType = sourcecode.swift; path = ItemsView.swift; sourceTree = "<group>"; };
		419E52DC2948A69A003B5E43 /* ColorButton.swift */ = {isa = PBXFileReference; lastKnownFileType = sourcecode.swift; path = ColorButton.swift; sourceTree = "<group>"; };
		419E52DF2948B17B003B5E43 /* CapacityButton.swift */ = {isa = PBXFileReference; lastKnownFileType = sourcecode.swift; path = CapacityButton.swift; sourceTree = "<group>"; };
		41C4824E294337F600DF346C /* ProductDetailsViewModel.swift */ = {isa = PBXFileReference; lastKnownFileType = sourcecode.swift; path = ProductDetailsViewModel.swift; sourceTree = "<group>"; };
		41C482542943457000DF346C /* ProductDescription.swift */ = {isa = PBXFileReference; lastKnownFileType = sourcecode.swift; path = ProductDescription.swift; sourceTree = "<group>"; };
		41C482562943635700DF346C /* ItemCarousel.swift */ = {isa = PBXFileReference; lastKnownFileType = sourcecode.swift; path = ItemCarousel.swift; sourceTree = "<group>"; };
		41C482582944EB9500DF346C /* DescriptionView.swift */ = {isa = PBXFileReference; lastKnownFileType = sourcecode.swift; path = DescriptionView.swift; sourceTree = "<group>"; };
		41C4825A29452DE300DF346C /* OverviewTabView.swift */ = {isa = PBXFileReference; lastKnownFileType = sourcecode.swift; path = OverviewTabView.swift; sourceTree = "<group>"; };
		41F5FF27293BA20200864DAC /* mmmarinasel_test_task_EffectiveMobile.app */ = {isa = PBXFileReference; explicitFileType = wrapper.application; includeInIndex = 0; path = mmmarinasel_test_task_EffectiveMobile.app; sourceTree = BUILT_PRODUCTS_DIR; };
		41F5FF2A293BA20200864DAC /* AppDelegate.swift */ = {isa = PBXFileReference; lastKnownFileType = sourcecode.swift; path = AppDelegate.swift; sourceTree = "<group>"; };
		41F5FF2C293BA20200864DAC /* SceneDelegate.swift */ = {isa = PBXFileReference; lastKnownFileType = sourcecode.swift; path = SceneDelegate.swift; sourceTree = "<group>"; };
		41F5FF2E293BA20200864DAC /* HomeStoreViewController.swift */ = {isa = PBXFileReference; lastKnownFileType = sourcecode.swift; path = HomeStoreViewController.swift; sourceTree = "<group>"; };
		41F5FF31293BA20200864DAC /* Base */ = {isa = PBXFileReference; lastKnownFileType = file.storyboard; name = Base; path = Base.lproj/Main.storyboard; sourceTree = "<group>"; };
		41F5FF33293BA20A00864DAC /* Assets.xcassets */ = {isa = PBXFileReference; lastKnownFileType = folder.assetcatalog; path = Assets.xcassets; sourceTree = "<group>"; };
		41F5FF36293BA20A00864DAC /* Base */ = {isa = PBXFileReference; lastKnownFileType = file.storyboard; name = Base; path = Base.lproj/LaunchScreen.storyboard; sourceTree = "<group>"; };
		41F5FF38293BA20A00864DAC /* Info.plist */ = {isa = PBXFileReference; lastKnownFileType = text.plist.xml; path = Info.plist; sourceTree = "<group>"; };
		41F5FF3E293BA34000864DAC /* CartModel.swift */ = {isa = PBXFileReference; lastKnownFileType = sourcecode.swift; path = CartModel.swift; sourceTree = "<group>"; };
		41F5FF40293BA36A00864DAC /* ProductDetailsModel.swift */ = {isa = PBXFileReference; lastKnownFileType = sourcecode.swift; path = ProductDetailsModel.swift; sourceTree = "<group>"; };
		41F5FF42293BA38900864DAC /* HomeStoreModel.swift */ = {isa = PBXFileReference; lastKnownFileType = sourcecode.swift; path = HomeStoreModel.swift; sourceTree = "<group>"; };
		41F5FF44293BA3AB00864DAC /* NetworkManager.swift */ = {isa = PBXFileReference; lastKnownFileType = sourcecode.swift; path = NetworkManager.swift; sourceTree = "<group>"; };
		41F5FF46293BE45100864DAC /* BestSellerCollectionViewCell.swift */ = {isa = PBXFileReference; lastKnownFileType = sourcecode.swift; path = BestSellerCollectionViewCell.swift; sourceTree = "<group>"; };
		41F5FF48293BE48900864DAC /* HotSalesHeaderView.xib */ = {isa = PBXFileReference; lastKnownFileType = file.xib; path = HotSalesHeaderView.xib; sourceTree = "<group>"; };
		41F5FF4A293BE80C00864DAC /* StoreCollectionReusableView.swift */ = {isa = PBXFileReference; lastKnownFileType = sourcecode.swift; path = StoreCollectionReusableView.swift; sourceTree = "<group>"; };
		41F5FF4C293C9E3400864DAC /* HomeStoreViewModel.swift */ = {isa = PBXFileReference; lastKnownFileType = sourcecode.swift; path = HomeStoreViewModel.swift; sourceTree = "<group>"; };
		41F5FF4E293CE45800864DAC /* Observable.swift */ = {isa = PBXFileReference; lastKnownFileType = sourcecode.swift; path = Observable.swift; sourceTree = "<group>"; };
		41F5FF54293CEBFC00864DAC /* CategoriesCollectionViewCell.swift */ = {isa = PBXFileReference; lastKnownFileType = sourcecode.swift; path = CategoriesCollectionViewCell.swift; sourceTree = "<group>"; };
/* End PBXFileReference section */

/* Begin PBXFrameworksBuildPhase section */
		41F5FF24293BA20200864DAC /* Frameworks */ = {
			isa = PBXFrameworksBuildPhase;
			buildActionMask = 2147483647;
			files = (
			);
			runOnlyForDeploymentPostprocessing = 0;
		};
/* End PBXFrameworksBuildPhase section */

/* Begin PBXGroup section */
		412091402940B728007BA542 /* Filter */ = {
			isa = PBXGroup;
			children = (
				4120913E2940B70A007BA542 /* FilterView.xib */,
				4120913C2940B62C007BA542 /* FilterView.swift */,
			);
			path = Filter;
			sourceTree = "<group>";
		};
		419E52E12949FD72003B5E43 /* UIComponents */ = {
			isa = PBXGroup;
			children = (
				41C482562943635700DF346C /* ItemCarousel.swift */,
				41C482582944EB9500DF346C /* DescriptionView.swift */,
				41C4825A29452DE300DF346C /* OverviewTabView.swift */,
				419E52DC2948A69A003B5E43 /* ColorButton.swift */,
				419E52DF2948B17B003B5E43 /* CapacityButton.swift */,
			);
			path = UIComponents;
			sourceTree = "<group>";
		};
		41F5FF1E293BA20200864DAC = {
			isa = PBXGroup;
			children = (
				41F5FF29293BA20200864DAC /* mmmarinasel_test_task_EffectiveMobile */,
				41F5FF28293BA20200864DAC /* Products */,
			);
			sourceTree = "<group>";
		};
		41F5FF28293BA20200864DAC /* Products */ = {
			isa = PBXGroup;
			children = (
				41F5FF27293BA20200864DAC /* mmmarinasel_test_task_EffectiveMobile.app */,
			);
			name = Products;
			sourceTree = "<group>";
		};
		41F5FF29293BA20200864DAC /* mmmarinasel_test_task_EffectiveMobile */ = {
			isa = PBXGroup;
			children = (
				41F5FF2C293BA20200864DAC /* SceneDelegate.swift */,
				41F5FF2A293BA20200864DAC /* AppDelegate.swift */,
				412091402940B728007BA542 /* Filter */,
				41F5FF53293CE7F400864DAC /* Service */,
				41F5FF52293CE7D700864DAC /* ProductDetails */,
				41F5FF51293CE7B800864DAC /* Cart */,
				41F5FF50293CE78C00864DAC /* HomeStore */,
				41F5FF46293BE45100864DAC /* BestSellerCollectionViewCell.swift */,
				4120913A29409767007BA542 /* TabBarWithCorners.swift */,
				41209132293E116A007BA542 /* HotSalesItemCollectionViewCell.swift */,
				41F5FF54293CEBFC00864DAC /* CategoriesCollectionViewCell.swift */,
				41F5FF4A293BE80C00864DAC /* StoreCollectionReusableView.swift */,
				41F5FF48293BE48900864DAC /* HotSalesHeaderView.xib */,
				41F5FF33293BA20A00864DAC /* Assets.xcassets */,
				41F5FF35293BA20A00864DAC /* LaunchScreen.storyboard */,
				41F5FF38293BA20A00864DAC /* Info.plist */,
				412091412941F1CE007BA542 /* TabBar.swift */,
				412091432941F5B6007BA542 /* TabButton.swift */,
			);
			path = mmmarinasel_test_task_EffectiveMobile;
			sourceTree = "<group>";
		};
		41F5FF50293CE78C00864DAC /* HomeStore */ = {
			isa = PBXGroup;
			children = (
				41F5FF2E293BA20200864DAC /* HomeStoreViewController.swift */,
				41F5FF42293BA38900864DAC /* HomeStoreModel.swift */,
				41F5FF4C293C9E3400864DAC /* HomeStoreViewModel.swift */,
				41F5FF30293BA20200864DAC /* Main.storyboard */,
			);
			path = HomeStore;
			sourceTree = "<group>";
		};
		41F5FF51293CE7B800864DAC /* Cart */ = {
			isa = PBXGroup;
			children = (
				41F5FF3E293BA34000864DAC /* CartModel.swift */,
				4120913629408A27007BA542 /* CartViewController.swift */,
				419E52D82947A411003B5E43 /* CartView.swift */,
				419E52DA2947B7C1003B5E43 /* ItemsView.swift */,
			);
			path = Cart;
			sourceTree = "<group>";
		};
		41F5FF52293CE7D700864DAC /* ProductDetails */ = {
			isa = PBXGroup;
			children = (
				419E52E12949FD72003B5E43 /* UIComponents */,
				41F5FF40293BA36A00864DAC /* ProductDetailsModel.swift */,
				41C4824E294337F600DF346C /* ProductDetailsViewModel.swift */,
				41C482542943457000DF346C /* ProductDescription.swift */,
			);
			path = ProductDetails;
			sourceTree = "<group>";
		};
		41F5FF53293CE7F400864DAC /* Service */ = {
			isa = PBXGroup;
			children = (
				41F5FF44293BA3AB00864DAC /* NetworkManager.swift */,
				41F5FF4E293CE45800864DAC /* Observable.swift */,
			);
			path = Service;
			sourceTree = "<group>";
		};
/* End PBXGroup section */

/* Begin PBXNativeTarget section */
		41F5FF26293BA20200864DAC /* mmmarinasel_test_task_EffectiveMobile */ = {
			isa = PBXNativeTarget;
			buildConfigurationList = 41F5FF3B293BA20A00864DAC /* Build configuration list for PBXNativeTarget "mmmarinasel_test_task_EffectiveMobile" */;
			buildPhases = (
				41F5FF23293BA20200864DAC /* Sources */,
				41F5FF24293BA20200864DAC /* Frameworks */,
				41F5FF25293BA20200864DAC /* Resources */,
			);
			buildRules = (
			);
			dependencies = (
			);
			name = mmmarinasel_test_task_EffectiveMobile;
			productName = mmmarinasel_test_task_EffectiveMobile;
			productReference = 41F5FF27293BA20200864DAC /* mmmarinasel_test_task_EffectiveMobile.app */;
			productType = "com.apple.product-type.application";
		};
/* End PBXNativeTarget section */

/* Begin PBXProject section */
		41F5FF1F293BA20200864DAC /* Project object */ = {
			isa = PBXProject;
			attributes = {
				BuildIndependentTargetsInParallel = 1;
				LastSwiftUpdateCheck = 1410;
				LastUpgradeCheck = 1410;
				TargetAttributes = {
					41F5FF26293BA20200864DAC = {
						CreatedOnToolsVersion = 14.1;
					};
				};
			};
			buildConfigurationList = 41F5FF22293BA20200864DAC /* Build configuration list for PBXProject "mmmarinasel_test_task_EffectiveMobile" */;
			compatibilityVersion = "Xcode 14.0";
			developmentRegion = en;
			hasScannedForEncodings = 0;
			knownRegions = (
				en,
				Base,
			);
			mainGroup = 41F5FF1E293BA20200864DAC;
			productRefGroup = 41F5FF28293BA20200864DAC /* Products */;
			projectDirPath = "";
			projectRoot = "";
			targets = (
				41F5FF26293BA20200864DAC /* mmmarinasel_test_task_EffectiveMobile */,
			);
		};
/* End PBXProject section */

/* Begin PBXResourcesBuildPhase section */
		41F5FF25293BA20200864DAC /* Resources */ = {
			isa = PBXResourcesBuildPhase;
			buildActionMask = 2147483647;
			files = (
				41F5FF37293BA20A00864DAC /* LaunchScreen.storyboard in Resources */,
				41F5FF34293BA20A00864DAC /* Assets.xcassets in Resources */,
				4120913F2940B70A007BA542 /* FilterView.xib in Resources */,
				41F5FF49293BE48900864DAC /* HotSalesHeaderView.xib in Resources */,
				41F5FF32293BA20200864DAC /* Main.storyboard in Resources */,
			);
			runOnlyForDeploymentPostprocessing = 0;
		};
/* End PBXResourcesBuildPhase section */

/* Begin PBXSourcesBuildPhase section */
		41F5FF23293BA20200864DAC /* Sources */ = {
			isa = PBXSourcesBuildPhase;
			buildActionMask = 2147483647;
			files = (
				41209133293E116A007BA542 /* HotSalesItemCollectionViewCell.swift in Sources */,
				4120913B29409767007BA542 /* TabBarWithCorners.swift in Sources */,
				41F5FF4B293BE80C00864DAC /* StoreCollectionReusableView.swift in Sources */,
				41C4825B29452DE300DF346C /* OverviewTabView.swift in Sources */,
				4120913729408A27007BA542 /* CartViewController.swift in Sources */,
				41C4824F294337F600DF346C /* ProductDetailsViewModel.swift in Sources */,
				419E52D92947A411003B5E43 /* CartView.swift in Sources */,
				41C482592944EB9500DF346C /* DescriptionView.swift in Sources */,
				41F5FF2F293BA20200864DAC /* HomeStoreViewController.swift in Sources */,
				41F5FF3F293BA34000864DAC /* CartModel.swift in Sources */,
				41F5FF41293BA36A00864DAC /* ProductDetailsModel.swift in Sources */,
				412091422941F1CF007BA542 /* TabBar.swift in Sources */,
				41F5FF45293BA3AB00864DAC /* NetworkManager.swift in Sources */,
				412091442941F5B6007BA542 /* TabButton.swift in Sources */,
				41F5FF4D293C9E3400864DAC /* HomeStoreViewModel.swift in Sources */,
				41C482552943457100DF346C /* ProductDescription.swift in Sources */,
				41F5FF55293CEBFD00864DAC /* CategoriesCollectionViewCell.swift in Sources */,
				419E52DB2947B7C1003B5E43 /* ItemsView.swift in Sources */,
				41F5FF2B293BA20200864DAC /* AppDelegate.swift in Sources */,
				41F5FF47293BE45100864DAC /* BestSellerCollectionViewCell.swift in Sources */,
				4120913D2940B62D007BA542 /* FilterView.swift in Sources */,
				419E52DD2948A69A003B5E43 /* ColorButton.swift in Sources */,
				41F5FF4F293CE45800864DAC /* Observable.swift in Sources */,
				41F5FF2D293BA20200864DAC /* SceneDelegate.swift in Sources */,
				419E52E02948B17B003B5E43 /* CapacityButton.swift in Sources */,
				41C482572943635700DF346C /* ItemCarousel.swift in Sources */,
				41F5FF43293BA38900864DAC /* HomeStoreModel.swift in Sources */,
			);
			runOnlyForDeploymentPostprocessing = 0;
		};
/* End PBXSourcesBuildPhase section */

/* Begin PBXVariantGroup section */
		41F5FF30293BA20200864DAC /* Main.storyboard */ = {
			isa = PBXVariantGroup;
			children = (
				41F5FF31293BA20200864DAC /* Base */,
			);
			name = Main.storyboard;
			sourceTree = "<group>";
		};
		41F5FF35293BA20A00864DAC /* LaunchScreen.storyboard */ = {
			isa = PBXVariantGroup;
			children = (
				41F5FF36293BA20A00864DAC /* Base */,
			);
			name = LaunchScreen.storyboard;
			sourceTree = "<group>";
		};
/* End PBXVariantGroup section */

/* Begin XCBuildConfiguration section */
		41F5FF39293BA20A00864DAC /* Debug */ = {
			isa = XCBuildConfiguration;
			buildSettings = {
				ALWAYS_SEARCH_USER_PATHS = NO;
				CLANG_ANALYZER_NONNULL = YES;
				CLANG_ANALYZER_NUMBER_OBJECT_CONVERSION = YES_AGGRESSIVE;
				CLANG_CXX_LANGUAGE_STANDARD = "gnu++20";
				CLANG_ENABLE_MODULES = YES;
				CLANG_ENABLE_OBJC_ARC = YES;
				CLANG_ENABLE_OBJC_WEAK = YES;
				CLANG_WARN_BLOCK_CAPTURE_AUTORELEASING = YES;
				CLANG_WARN_BOOL_CONVERSION = YES;
				CLANG_WARN_COMMA = YES;
				CLANG_WARN_CONSTANT_CONVERSION = YES;
				CLANG_WARN_DEPRECATED_OBJC_IMPLEMENTATIONS = YES;
				CLANG_WARN_DIRECT_OBJC_ISA_USAGE = YES_ERROR;
				CLANG_WARN_DOCUMENTATION_COMMENTS = YES;
				CLANG_WARN_EMPTY_BODY = YES;
				CLANG_WARN_ENUM_CONVERSION = YES;
				CLANG_WARN_INFINITE_RECURSION = YES;
				CLANG_WARN_INT_CONVERSION = YES;
				CLANG_WARN_NON_LITERAL_NULL_CONVERSION = YES;
				CLANG_WARN_OBJC_IMPLICIT_RETAIN_SELF = YES;
				CLANG_WARN_OBJC_LITERAL_CONVERSION = YES;
				CLANG_WARN_OBJC_ROOT_CLASS = YES_ERROR;
				CLANG_WARN_QUOTED_INCLUDE_IN_FRAMEWORK_HEADER = YES;
				CLANG_WARN_RANGE_LOOP_ANALYSIS = YES;
				CLANG_WARN_STRICT_PROTOTYPES = YES;
				CLANG_WARN_SUSPICIOUS_MOVE = YES;
				CLANG_WARN_UNGUARDED_AVAILABILITY = YES_AGGRESSIVE;
				CLANG_WARN_UNREACHABLE_CODE = YES;
				CLANG_WARN__DUPLICATE_METHOD_MATCH = YES;
				COPY_PHASE_STRIP = NO;
				DEBUG_INFORMATION_FORMAT = dwarf;
				ENABLE_STRICT_OBJC_MSGSEND = YES;
				ENABLE_TESTABILITY = YES;
				GCC_C_LANGUAGE_STANDARD = gnu11;
				GCC_DYNAMIC_NO_PIC = NO;
				GCC_NO_COMMON_BLOCKS = YES;
				GCC_OPTIMIZATION_LEVEL = 0;
				GCC_PREPROCESSOR_DEFINITIONS = (
					"DEBUG=1",
					"$(inherited)",
				);
				GCC_WARN_64_TO_32_BIT_CONVERSION = YES;
				GCC_WARN_ABOUT_RETURN_TYPE = YES_ERROR;
				GCC_WARN_UNDECLARED_SELECTOR = YES;
				GCC_WARN_UNINITIALIZED_AUTOS = YES_AGGRESSIVE;
				GCC_WARN_UNUSED_FUNCTION = YES;
				GCC_WARN_UNUSED_VARIABLE = YES;
				IPHONEOS_DEPLOYMENT_TARGET = 16.1;
				MTL_ENABLE_DEBUG_INFO = INCLUDE_SOURCE;
				MTL_FAST_MATH = YES;
				ONLY_ACTIVE_ARCH = YES;
				SDKROOT = iphoneos;
				SWIFT_ACTIVE_COMPILATION_CONDITIONS = DEBUG;
				SWIFT_OPTIMIZATION_LEVEL = "-Onone";
			};
			name = Debug;
		};
		41F5FF3A293BA20A00864DAC /* Release */ = {
			isa = XCBuildConfiguration;
			buildSettings = {
				ALWAYS_SEARCH_USER_PATHS = NO;
				CLANG_ANALYZER_NONNULL = YES;
				CLANG_ANALYZER_NUMBER_OBJECT_CONVERSION = YES_AGGRESSIVE;
				CLANG_CXX_LANGUAGE_STANDARD = "gnu++20";
				CLANG_ENABLE_MODULES = YES;
				CLANG_ENABLE_OBJC_ARC = YES;
				CLANG_ENABLE_OBJC_WEAK = YES;
				CLANG_WARN_BLOCK_CAPTURE_AUTORELEASING = YES;
				CLANG_WARN_BOOL_CONVERSION = YES;
				CLANG_WARN_COMMA = YES;
				CLANG_WARN_CONSTANT_CONVERSION = YES;
				CLANG_WARN_DEPRECATED_OBJC_IMPLEMENTATIONS = YES;
				CLANG_WARN_DIRECT_OBJC_ISA_USAGE = YES_ERROR;
				CLANG_WARN_DOCUMENTATION_COMMENTS = YES;
				CLANG_WARN_EMPTY_BODY = YES;
				CLANG_WARN_ENUM_CONVERSION = YES;
				CLANG_WARN_INFINITE_RECURSION = YES;
				CLANG_WARN_INT_CONVERSION = YES;
				CLANG_WARN_NON_LITERAL_NULL_CONVERSION = YES;
				CLANG_WARN_OBJC_IMPLICIT_RETAIN_SELF = YES;
				CLANG_WARN_OBJC_LITERAL_CONVERSION = YES;
				CLANG_WARN_OBJC_ROOT_CLASS = YES_ERROR;
				CLANG_WARN_QUOTED_INCLUDE_IN_FRAMEWORK_HEADER = YES;
				CLANG_WARN_RANGE_LOOP_ANALYSIS = YES;
				CLANG_WARN_STRICT_PROTOTYPES = YES;
				CLANG_WARN_SUSPICIOUS_MOVE = YES;
				CLANG_WARN_UNGUARDED_AVAILABILITY = YES_AGGRESSIVE;
				CLANG_WARN_UNREACHABLE_CODE = YES;
				CLANG_WARN__DUPLICATE_METHOD_MATCH = YES;
				COPY_PHASE_STRIP = NO;
				DEBUG_INFORMATION_FORMAT = "dwarf-with-dsym";
				ENABLE_NS_ASSERTIONS = NO;
				ENABLE_STRICT_OBJC_MSGSEND = YES;
				GCC_C_LANGUAGE_STANDARD = gnu11;
				GCC_NO_COMMON_BLOCKS = YES;
				GCC_WARN_64_TO_32_BIT_CONVERSION = YES;
				GCC_WARN_ABOUT_RETURN_TYPE = YES_ERROR;
				GCC_WARN_UNDECLARED_SELECTOR = YES;
				GCC_WARN_UNINITIALIZED_AUTOS = YES_AGGRESSIVE;
				GCC_WARN_UNUSED_FUNCTION = YES;
				GCC_WARN_UNUSED_VARIABLE = YES;
				IPHONEOS_DEPLOYMENT_TARGET = 16.1;
				MTL_ENABLE_DEBUG_INFO = NO;
				MTL_FAST_MATH = YES;
				SDKROOT = iphoneos;
				SWIFT_COMPILATION_MODE = wholemodule;
				SWIFT_OPTIMIZATION_LEVEL = "-O";
				VALIDATE_PRODUCT = YES;
			};
			name = Release;
		};
		41F5FF3C293BA20A00864DAC /* Debug */ = {
			isa = XCBuildConfiguration;
			buildSettings = {
				ASSETCATALOG_COMPILER_APPICON_NAME = AppIcon;
				ASSETCATALOG_COMPILER_GLOBAL_ACCENT_COLOR_NAME = AccentColor;
				CODE_SIGN_STYLE = Automatic;
				CURRENT_PROJECT_VERSION = 1;
				DEVELOPMENT_TEAM = 4S4JPYLG6Z;
				GENERATE_INFOPLIST_FILE = YES;
				INFOPLIST_FILE = mmmarinasel_test_task_EffectiveMobile/Info.plist;
				INFOPLIST_KEY_UIApplicationSupportsIndirectInputEvents = YES;
				INFOPLIST_KEY_UILaunchStoryboardName = LaunchScreen;
				INFOPLIST_KEY_UIMainStoryboardFile = Main;
				INFOPLIST_KEY_UISupportedInterfaceOrientations_iPad = "UIInterfaceOrientationPortrait UIInterfaceOrientationPortraitUpsideDown UIInterfaceOrientationLandscapeLeft UIInterfaceOrientationLandscapeRight";
				INFOPLIST_KEY_UISupportedInterfaceOrientations_iPhone = "UIInterfaceOrientationPortrait UIInterfaceOrientationLandscapeLeft UIInterfaceOrientationLandscapeRight";
				LD_RUNPATH_SEARCH_PATHS = (
					"$(inherited)",
					"@executable_path/Frameworks",
				);
				MARKETING_VERSION = 1.0;
				PRODUCT_BUNDLE_IDENTIFIER = "mmmarinasel.mmmarinasel-test-task-EffectiveMobile";
				PRODUCT_NAME = "$(TARGET_NAME)";
				SWIFT_EMIT_LOC_STRINGS = YES;
				SWIFT_VERSION = 5.0;
				TARGETED_DEVICE_FAMILY = "1,2";
			};
			name = Debug;
		};
		41F5FF3D293BA20A00864DAC /* Release */ = {
			isa = XCBuildConfiguration;
			buildSettings = {
				ASSETCATALOG_COMPILER_APPICON_NAME = AppIcon;
				ASSETCATALOG_COMPILER_GLOBAL_ACCENT_COLOR_NAME = AccentColor;
				CODE_SIGN_STYLE = Automatic;
				CURRENT_PROJECT_VERSION = 1;
				DEVELOPMENT_TEAM = 4S4JPYLG6Z;
				GENERATE_INFOPLIST_FILE = YES;
				INFOPLIST_FILE = mmmarinasel_test_task_EffectiveMobile/Info.plist;
				INFOPLIST_KEY_UIApplicationSupportsIndirectInputEvents = YES;
				INFOPLIST_KEY_UILaunchStoryboardName = LaunchScreen;
				INFOPLIST_KEY_UIMainStoryboardFile = Main;
				INFOPLIST_KEY_UISupportedInterfaceOrientations_iPad = "UIInterfaceOrientationPortrait UIInterfaceOrientationPortraitUpsideDown UIInterfaceOrientationLandscapeLeft UIInterfaceOrientationLandscapeRight";
				INFOPLIST_KEY_UISupportedInterfaceOrientations_iPhone = "UIInterfaceOrientationPortrait UIInterfaceOrientationLandscapeLeft UIInterfaceOrientationLandscapeRight";
				LD_RUNPATH_SEARCH_PATHS = (
					"$(inherited)",
					"@executable_path/Frameworks",
				);
				MARKETING_VERSION = 1.0;
				PRODUCT_BUNDLE_IDENTIFIER = "mmmarinasel.mmmarinasel-test-task-EffectiveMobile";
				PRODUCT_NAME = "$(TARGET_NAME)";
				SWIFT_EMIT_LOC_STRINGS = YES;
				SWIFT_VERSION = 5.0;
				TARGETED_DEVICE_FAMILY = "1,2";
			};
			name = Release;
		};
/* End XCBuildConfiguration section */

/* Begin XCConfigurationList section */
		41F5FF22293BA20200864DAC /* Build configuration list for PBXProject "mmmarinasel_test_task_EffectiveMobile" */ = {
			isa = XCConfigurationList;
			buildConfigurations = (
				41F5FF39293BA20A00864DAC /* Debug */,
				41F5FF3A293BA20A00864DAC /* Release */,
			);
			defaultConfigurationIsVisible = 0;
			defaultConfigurationName = Release;
		};
		41F5FF3B293BA20A00864DAC /* Build configuration list for PBXNativeTarget "mmmarinasel_test_task_EffectiveMobile" */ = {
			isa = XCConfigurationList;
			buildConfigurations = (
				41F5FF3C293BA20A00864DAC /* Debug */,
				41F5FF3D293BA20A00864DAC /* Release */,
			);
			defaultConfigurationIsVisible = 0;
			defaultConfigurationName = Release;
		};
/* End XCConfigurationList section */
	};
	rootObject = 41F5FF1F293BA20200864DAC /* Project object */;
}
